
Microsoft Visual Studio Solution File, Format Version 12.00
# Visual Studio Version 17
VisualStudioVersion = 17.14.36705.20 d17.14
MinimumVisualStudioVersion = 10.0.40219.1
Project("{FAE04EC0-301F-11D3-BF4B-00C04F79EFBC}") = "rouba-monte", "rouba-monte\rouba-monte.csproj", "{A21E85DA-F616-4841-B8DF-A4B6BAC22A8B}"
EndProject
Global
	GlobalSection(SolutionConfigurationPlatforms) = preSolution
		Debug|Any CPU = Debug|Any CPU
		Release|Any CPU = Release|Any CPU
	EndGlobalSection
	GlobalSection(ProjectConfigurationPlatforms) = postSolution
		{A21E85DA-F616-4841-B8DF-A4B6BAC22A8B}.Debug|Any CPU.ActiveCfg = Debug|Any CPU
		{A21E85DA-F616-4841-B8DF-A4B6BAC22A8B}.Debug|Any CPU.Build.0 = Debug|Any CPU
		{A21E85DA-F616-4841-B8DF-A4B6BAC22A8B}.Release|Any CPU.ActiveCfg = Release|Any CPU
		{A21E85DA-F616-4841-B8DF-A4B6BAC22A8B}.Release|Any CPU.Build.0 = Release|Any CPU
	EndGlobalSection
	GlobalSection(SolutionProperties) = preSolution
		HideSolutionNode = FALSE
	EndGlobalSection
	GlobalSection(ExtensibilityGlobals) = postSolution
		SolutionGuid = {F0A216A1-ECE1-409D-BBA4-7C0E81BE74E6}
	EndGlobalSection
EndGlobal
